{
  "name": "@bootstrapp/docs",
  "version": "0.0.1",
  "lockfileVersion": 3,
  "requires": true,
  "packages": {
    "": {
      "name": "@bootstrapp/docs",
      "version": "0.0.1",
      "dependencies": {
        "@bootstrapp/controller": "file:../controller",
        "@bootstrapp/events": "file:../events",
        "@bootstrapp/icon-lucide": "file:../icon-lucide",
        "@bootstrapp/theme": "file:../theme",
        "@bootstrapp/types": "file:../types",
        "@bootstrapp/uix": "file:../uix",
        "@bootstrapp/view": "file:../view"
      }
    },
    "../controller": {
      "name": "@bootstrapp/controller",
      "version": "0.2.0",
      "license": "AGPL-3.0",
      "dependencies": {
        "@bootstrapp/events": "^0.2.0"
      }
    },
    "../events": {
      "name": "@bootstrapp/events",
      "version": "0.2.0",
      "license": "AGPL-3.0"
    },
    "../icon-lucide": {
      "name": "@bootstrapp/icon-lucide",
      "version": "0.0.1"
    },
    "../theme": {
      "name": "@bootstrapp/theme",
      "version": "0.2.0",
      "license": "AGPL-3.0",
      "dependencies": {
        "@bootstrapp/view": "^0.2.0"
      }
    },
    "../types": {
      "name": "@bootstrapp/types",
      "version": "0.2.0",
      "license": "AGPL-3.0",
      "devDependencies": {}
    },
    "../uix": {
      "name": "@bootstrapp/uix",
      "version": "0.2.0",
      "license": "AGPL-3.0",
      "dependencies": {
        "@bootstrapp/theme": "^0.2.0",
        "@bootstrapp/types": "^0.2.0",
        "@bootstrapp/view": "^0.2.0",
        "lit-html": "^3.0.0"
      }
    },
    "../view": {
      "name": "@bootstrapp/view",
      "version": "0.2.0",
      "license": "AGPL-3.0",
      "dependencies": {
        "@bootstrapp/types": "^0.1.0",
        "lit-html": "^3.3.1"
      },
      "devDependencies": {}
    },
    "node_modules/@bootstrapp/controller": {
      "resolved": "../controller",
      "link": true
    },
    "node_modules/@bootstrapp/events": {
      "resolved": "../events",
      "link": true
    },
    "node_modules/@bootstrapp/icon-lucide": {
      "resolved": "../icon-lucide",
      "link": true
    },
    "node_modules/@bootstrapp/theme": {
      "resolved": "../theme",
      "link": true
    },
    "node_modules/@bootstrapp/types": {
      "resolved": "../types",
      "link": true
    },
    "node_modules/@bootstrapp/uix": {
      "resolved": "../uix",
      "link": true
    },
    "node_modules/@bootstrapp/view": {
      "resolved": "../view",
      "link": true
    }
  }
}
